
Microsoft Visual Studio Solution File, Format Version 12.00
# Visual Studio Version 16
VisualStudioVersion = 16.0.31729.503
MinimumVisualStudioVersion = 10.0.40219.1
Project("{FAE04EC0-301F-11D3-BF4B-00C04F79EFBC}") = "TopInternsBoardingPassSorter", "TopInternsBoardingPassSorter\TopInternsBoardingPassSorter.csproj", "{C5ECAEA8-B423-431B-954C-E00E95FA2085}"
EndProject
Project("{FAE04EC0-301F-11D3-BF4B-00C04F79EFBC}") = "TopInternsTransportationCards.Test", "TopInternsTransportationCards.Test\TopInternsTransportationCards.Test.csproj", "{DEF74F79-31CD-431E-9010-1385CE3BF520}"
EndProject
Global
	GlobalSection(SolutionConfigurationPlatforms) = preSolution
		Debug|Any CPU = Debug|Any CPU
		Release|Any CPU = Release|Any CPU
	EndGlobalSection
	GlobalSection(ProjectConfigurationPlatforms) = postSolution
		{C5ECAEA8-B423-431B-954C-E00E95FA2085}.Debug|Any CPU.ActiveCfg = Debug|Any CPU
		{C5ECAEA8-B423-431B-954C-E00E95FA2085}.Debug|Any CPU.Build.0 = Debug|Any CPU
		{C5ECAEA8-B423-431B-954C-E00E95FA2085}.Release|Any CPU.ActiveCfg = Release|Any CPU
		{C5ECAEA8-B423-431B-954C-E00E95FA2085}.Release|Any CPU.Build.0 = Release|Any CPU
		{DEF74F79-31CD-431E-9010-1385CE3BF520}.Debug|Any CPU.ActiveCfg = Debug|Any CPU
		{DEF74F79-31CD-431E-9010-1385CE3BF520}.Debug|Any CPU.Build.0 = Debug|Any CPU
		{DEF74F79-31CD-431E-9010-1385CE3BF520}.Release|Any CPU.ActiveCfg = Release|Any CPU
		{DEF74F79-31CD-431E-9010-1385CE3BF520}.Release|Any CPU.Build.0 = Release|Any CPU
	EndGlobalSection
	GlobalSection(SolutionProperties) = preSolution
		HideSolutionNode = FALSE
	EndGlobalSection
	GlobalSection(ExtensibilityGlobals) = postSolution
		SolutionGuid = {AA032BE4-0B44-42BD-BAE7-CED5F0ED4DF3}
	EndGlobalSection
EndGlobal
